
Microsoft Visual Studio Solution File, Format Version 12.00
# Visual Studio Version 16
VisualStudioVersion = 16.0.29509.3
MinimumVisualStudioVersion = 10.0.40219.1
Project("{FAE04EC0-301F-11D3-BF4B-00C04F79EFBC}") = "ScriptedTextAnimator", "ScriptedTextAnimator\ScriptedTextAnimator.csproj", "{37A35513-3E7E-4CDB-AC0B-2AFC21AABF1F}"
EndProject
Global
	GlobalSection(SolutionConfigurationPlatforms) = preSolution
		Debug|Any CPU = Debug|Any CPU
		Debug|x86 = Debug|x86
		Release|Any CPU = Release|Any CPU
		Release|x86 = Release|x86
	EndGlobalSection
	GlobalSection(ProjectConfigurationPlatforms) = postSolution
		{37A35513-3E7E-4CDB-AC0B-2AFC21AABF1F}.Debug|Any CPU.ActiveCfg = Debug|Any CPU
		{37A35513-3E7E-4CDB-AC0B-2AFC21AABF1F}.Debug|Any CPU.Build.0 = Debug|Any CPU
		{37A35513-3E7E-4CDB-AC0B-2AFC21AABF1F}.Debug|x86.ActiveCfg = Debug|Any CPU
		{37A35513-3E7E-4CDB-AC0B-2AFC21AABF1F}.Release|Any CPU.ActiveCfg = Release|Any CPU
		{37A35513-3E7E-4CDB-AC0B-2AFC21AABF1F}.Release|Any CPU.Build.0 = Release|Any CPU
		{37A35513-3E7E-4CDB-AC0B-2AFC21AABF1F}.Release|x86.ActiveCfg = Release|Any CPU
	EndGlobalSection
	GlobalSection(SolutionProperties) = preSolution
		HideSolutionNode = FALSE
	EndGlobalSection
	GlobalSection(ExtensibilityGlobals) = postSolution
		SolutionGuid = {0C4F4BA0-735B-4804-935E-985A7C14FEA0}
	EndGlobalSection
EndGlobal
